
Microsoft Visual Studio Solution File, Format Version 12.00
# Visual Studio Version 17
VisualStudioVersion = 17.12.35728.132
MinimumVisualStudioVersion = 10.0.40219.1
Project("{FAE04EC0-301F-11D3-BF4B-00C04F79EFBC}") = "Domain", "Domain\Domain.csproj", "{A578E384-9C05-4464-BE79-89D350BF013A}"
EndProject
Project("{FAE04EC0-301F-11D3-BF4B-00C04F79EFBC}") = "Application", "Application\Application.csproj", "{D996C8AA-BE2E-42FD-A829-64DD6C787D85}"
EndProject
Project("{FAE04EC0-301F-11D3-BF4B-00C04F79EFBC}") = "Tests", "Tests\Tests.csproj", "{C59CB640-69A0-4D94-A85A-08D9F712170E}"
EndProject
Project("{FAE04EC0-301F-11D3-BF4B-00C04F79EFBC}") = "Infrastructure", "Infrastructure\Infrastructure.csproj", "{D81FC5E6-A1E8-4E81-A1E8-6F6E56AECEED}"
EndProject
Global
	GlobalSection(SolutionConfigurationPlatforms) = preSolution
		Debug|Any CPU = Debug|Any CPU
		Release|Any CPU = Release|Any CPU
	EndGlobalSection
	GlobalSection(ProjectConfigurationPlatforms) = postSolution
		{A578E384-9C05-4464-BE79-89D350BF013A}.Debug|Any CPU.ActiveCfg = Debug|Any CPU
		{A578E384-9C05-4464-BE79-89D350BF013A}.Debug|Any CPU.Build.0 = Debug|Any CPU
		{A578E384-9C05-4464-BE79-89D350BF013A}.Release|Any CPU.ActiveCfg = Release|Any CPU
		{A578E384-9C05-4464-BE79-89D350BF013A}.Release|Any CPU.Build.0 = Release|Any CPU
		{D996C8AA-BE2E-42FD-A829-64DD6C787D85}.Debug|Any CPU.ActiveCfg = Debug|Any CPU
		{D996C8AA-BE2E-42FD-A829-64DD6C787D85}.Debug|Any CPU.Build.0 = Debug|Any CPU
		{D996C8AA-BE2E-42FD-A829-64DD6C787D85}.Release|Any CPU.ActiveCfg = Release|Any CPU
		{D996C8AA-BE2E-42FD-A829-64DD6C787D85}.Release|Any CPU.Build.0 = Release|Any CPU
		{C59CB640-69A0-4D94-A85A-08D9F712170E}.Debug|Any CPU.ActiveCfg = Debug|Any CPU
		{C59CB640-69A0-4D94-A85A-08D9F712170E}.Debug|Any CPU.Build.0 = Debug|Any CPU
		{C59CB640-69A0-4D94-A85A-08D9F712170E}.Release|Any CPU.ActiveCfg = Release|Any CPU
		{C59CB640-69A0-4D94-A85A-08D9F712170E}.Release|Any CPU.Build.0 = Release|Any CPU
		{D81FC5E6-A1E8-4E81-A1E8-6F6E56AECEED}.Debug|Any CPU.ActiveCfg = Debug|Any CPU
		{D81FC5E6-A1E8-4E81-A1E8-6F6E56AECEED}.Debug|Any CPU.Build.0 = Debug|Any CPU
		{D81FC5E6-A1E8-4E81-A1E8-6F6E56AECEED}.Release|Any CPU.ActiveCfg = Release|Any CPU
		{D81FC5E6-A1E8-4E81-A1E8-6F6E56AECEED}.Release|Any CPU.Build.0 = Release|Any CPU
	EndGlobalSection
	GlobalSection(SolutionProperties) = preSolution
		HideSolutionNode = FALSE
	EndGlobalSection
EndGlobal
